<?xml version="1.0" encoding="utf-8"?>
<Project ToolsVersion="4.0" xmlns="http://schemas.microsoft.com/developer/msbuild/2003">
  <ItemGroup>
    <Filter Include="源文件">
      <UniqueIdentifier>{4FC737F1-C7A5-4376-A066-2A32D752A2FF}</UniqueIdentifier>
      <Extensions>cpp;c;cc;cxx;c++;cppm;ixx;def;odl;idl;hpj;bat;asm;asmx</Extensions>
    </Filter>
    <Filter Include="头文件">
      <UniqueIdentifier>{93995380-89BD-4b04-88EB-625FBE52EBFB}</UniqueIdentifier>
      <Extensions>h;hh;hpp;hxx;h++;hm;inl;inc;ipp;xsd</Extensions>
    </Filter>
    <Filter Include="资源文件">
      <UniqueIdentifier>{67DA6AB6-F800-4c08-8B7A-83BB121AAD01}</UniqueIdentifier>
      <Extensions>rc;ico;cur;bmp;dlg;rc2;rct;bin;rgs;gif;jpg;jpeg;jpe;resx;tiff;tif;png;wav;mfcribbon-ms</Extensions>
    </Filter>
    <Filter Include="NetHelper">
      <UniqueIdentifier>{5359fc23-220b-416a-8b6f-27e04b531336}</UniqueIdentifier>
    </Filter>
    <Filter Include="Logger">
      <UniqueIdentifier>{d2df4115-bef6-4461-9dd2-0cfb21d869b7}</UniqueIdentifier>
    </Filter>
    <Filter Include="DataItem">
      <UniqueIdentifier>{fc5d59af-70bf-4583-9ad9-c8faf0efb02d}</UniqueIdentifier>
    </Filter>
    <Filter Include="DataItem\DataBundle">
      <UniqueIdentifier>{564eff10-9d3e-475e-b28a-2a2ec860aea1}</UniqueIdentifier>
    </Filter>
    <Filter Include="DataItem\DataArray">
      <UniqueIdentifier>{5228ecd5-d166-43a3-83b1-5285f50de53f}</UniqueIdentifier>
    </Filter>
    <Filter Include="Timer">
      <UniqueIdentifier>{3a162b4c-aa8e-4736-92ff-2f35eafcb8ec}</UniqueIdentifier>
    </Filter>
    <Filter Include="IOContext">
      <UniqueIdentifier>{b3a64545-8d34-4dbd-8dd1-52f898bbf6ef}</UniqueIdentifier>
    </Filter>
    <Filter Include="SoldierBase">
      <UniqueIdentifier>{e63855e4-dd75-4668-8e03-078cbf6215ba}</UniqueIdentifier>
    </Filter>
    <Filter Include="CrashMgr">
      <UniqueIdentifier>{b71f2579-eac8-4f3c-abfa-3f4a11c22436}</UniqueIdentifier>
    </Filter>
    <Filter Include="Pipe">
      <UniqueIdentifier>{a28c3e48-e4a9-4558-b79f-b5f48dc4e6f6}</UniqueIdentifier>
    </Filter>
    <Filter Include="Pipe\ContextTask">
      <UniqueIdentifier>{05dc2a42-9226-45cb-a95e-3912d3a066e1}</UniqueIdentifier>
    </Filter>
    <Filter Include="HashData">
      <UniqueIdentifier>{81a8164b-a95b-48ab-9376-2b0b4b8558ff}</UniqueIdentifier>
    </Filter>
  </ItemGroup>
  <ItemGroup>
    <ClInclude Include="framework.h">
      <Filter>头文件</Filter>
    </ClInclude>
    <ClInclude Include="pch.h">
      <Filter>头文件</Filter>
    </ClInclude>
    <ClInclude Include="NetHelper.h">
      <Filter>NetHelper</Filter>
    </ClInclude>
    <ClInclude Include="Logger.h">
      <Filter>Logger</Filter>
    </ClInclude>
    <ClInclude Include="DataBundle.h">
      <Filter>DataItem\DataBundle</Filter>
    </ClInclude>
    <ClInclude Include="InternalNetHelper.h">
      <Filter>NetHelper</Filter>
    </ClInclude>
    <ClInclude Include="DataArray.h">
      <Filter>DataItem\DataArray</Filter>
    </ClInclude>
    <ClInclude Include="DataItem.h">
      <Filter>DataItem</Filter>
    </ClInclude>
    <ClInclude Include="Timer.h">
      <Filter>Timer</Filter>
    </ClInclude>
    <ClInclude Include="TimerMgr.h">
      <Filter>Timer</Filter>
    </ClInclude>
    <ClInclude Include="InternalIOContext.h">
      <Filter>IOContext</Filter>
    </ClInclude>
    <ClInclude Include="InternalLogger.h">
      <Filter>Logger</Filter>
    </ClInclude>
    <ClInclude Include="LoggerDef.h">
      <Filter>头文件</Filter>
    </ClInclude>
    <ClInclude Include="SoldierBase.h">
      <Filter>SoldierBase</Filter>
    </ClInclude>
    <ClInclude Include="CrashMgr.h">
      <Filter>CrashMgr</Filter>
    </ClInclude>
    <ClInclude Include="PipeSessionBase.h">
      <Filter>Pipe</Filter>
    </ClInclude>
    <ClInclude Include="PipeReadTask.h">
      <Filter>Pipe\ContextTask</Filter>
    </ClInclude>
    <ClInclude Include="PipeContextTaskBase.h">
      <Filter>Pipe\ContextTask</Filter>
    </ClInclude>
    <ClInclude Include="PipeWriteTask.h">
      <Filter>Pipe\ContextTask</Filter>
    </ClInclude>
    <ClInclude Include="PipeSessionClient.h">
      <Filter>Pipe</Filter>
    </ClInclude>
    <ClInclude Include="PipeSessionServer.h">
      <Filter>Pipe</Filter>
    </ClInclude>
    <ClInclude Include="PipeServer.h">
      <Filter>Pipe</Filter>
    </ClInclude>
    <ClInclude Include="PipeMgr.h">
      <Filter>Pipe</Filter>
    </ClInclude>
    <ClInclude Include="resource.h">
      <Filter>资源文件</Filter>
    </ClInclude>
    <ClInclude Include="HashData.h">
      <Filter>HashData</Filter>
    </ClInclude>
    <ClInclude Include="InternalHash.h">
      <Filter>HashData</Filter>
    </ClInclude>
    <ClInclude Include="InternalHashDef.h">
      <Filter>HashData</Filter>
    </ClInclude>
  </ItemGroup>
  <ItemGroup>
    <ClCompile Include="dllmain.cpp">
      <Filter>源文件</Filter>
    </ClCompile>
    <ClCompile Include="pch.cpp">
      <Filter>源文件</Filter>
    </ClCompile>
    <ClCompile Include="Logger.cpp">
      <Filter>Logger</Filter>
    </ClCompile>
    <ClCompile Include="NetHelper.cpp">
      <Filter>NetHelper</Filter>
    </ClCompile>
    <ClCompile Include="DataBundle.cpp">
      <Filter>DataItem\DataBundle</Filter>
    </ClCompile>
    <ClCompile Include="InternalNetHelper.cpp">
      <Filter>NetHelper</Filter>
    </ClCompile>
    <ClCompile Include="DataArray.cpp">
      <Filter>DataItem\DataArray</Filter>
    </ClCompile>
    <ClCompile Include="DataItem.cpp">
      <Filter>DataItem</Filter>
    </ClCompile>
    <ClCompile Include="Timer.cpp">
      <Filter>Timer</Filter>
    </ClCompile>
    <ClCompile Include="TimerMgr.cpp">
      <Filter>Timer</Filter>
    </ClCompile>
    <ClCompile Include="InternalIOContext.cpp">
      <Filter>IOContext</Filter>
    </ClCompile>
    <ClCompile Include="InternalLogger.cpp">
      <Filter>Logger</Filter>
    </ClCompile>
    <ClCompile Include="SoldierBase.cpp">
      <Filter>SoldierBase</Filter>
    </ClCompile>
    <ClCompile Include="CrashMgr.cpp">
      <Filter>CrashMgr</Filter>
    </ClCompile>
    <ClCompile Include="PipeSessionBase.cpp">
      <Filter>Pipe</Filter>
    </ClCompile>
    <ClCompile Include="PipeReadTask.cpp">
      <Filter>Pipe\ContextTask</Filter>
    </ClCompile>
    <ClCompile Include="PipeContextTaskBase.cpp">
      <Filter>Pipe\ContextTask</Filter>
    </ClCompile>
    <ClCompile Include="PipeWriteTask.cpp">
      <Filter>Pipe\ContextTask</Filter>
    </ClCompile>
    <ClCompile Include="PipeSessionServer.cpp">
      <Filter>Pipe</Filter>
    </ClCompile>
    <ClCompile Include="PipeSessionClient.cpp">
      <Filter>Pipe</Filter>
    </ClCompile>
    <ClCompile Include="PipeMgr.cpp">
      <Filter>Pipe</Filter>
    </ClCompile>
    <ClCompile Include="PipeServer.cpp">
      <Filter>Pipe</Filter>
    </ClCompile>
    <ClCompile Include="HashData.cpp">
      <Filter>HashData</Filter>
    </ClCompile>
    <ClCompile Include="InternalHash.cpp">
      <Filter>HashData</Filter>
    </ClCompile>
  </ItemGroup>
  <ItemGroup>
    <ResourceCompile Include="SoldierBase.rc">
      <Filter>资源文件</Filter>
    </ResourceCompile>
  </ItemGroup>
  <ItemGroup>
    <None Include="SoldierBase.def">
      <Filter>源文件</Filter>
    </None>
  </ItemGroup>
</Project>